PODS:
  - Flutter (1.0.0)
  - flutter_fgbg (0.0.1):
    - Flutter
  - hightouch_events (0.0.1):
    - Flutter
  - hightouch_events_plugin_idfa (0.0.1):
    - Flutter
  - path_provider_foundation (0.0.1):
    - Flutter
    - FlutterMacOS
  - shared_preferences_foundation (0.0.1):
    - Flutter
    - FlutterMacOS

DEPENDENCIES:
  - Flutter (from `Flutter`)
  - flutter_fgbg (from `.symlinks/plugins/flutter_fgbg/ios`)
  - hightouch_events (from `.symlinks/plugins/hightouch_events/ios`)
  - hightouch_events_plugin_idfa (from `.symlinks/plugins/hightouch_events_plugin_idfa/ios`)
  - path_provider_foundation (from `.symlinks/plugins/path_provider_foundation/darwin`)
  - shared_preferences_foundation (from `.symlinks/plugins/shared_preferences_foundation/darwin`)

EXTERNAL SOURCES:
  Flutter:
    :path: Flutter
  flutter_fgbg:
    :path: ".symlinks/plugins/flutter_fgbg/ios"
  hightouch_events:
    :path: ".symlinks/plugins/hightouch_events/ios"
  hightouch_events_plugin_idfa:
    :path: ".symlinks/plugins/hightouch_events_plugin_idfa/ios"
  path_provider_foundation:
    :path: ".symlinks/plugins/path_provider_foundation/darwin"
  shared_preferences_foundation:
    :path: ".symlinks/plugins/shared_preferences_foundation/darwin"

SPEC CHECKSUMS:
  Flutter: e0871f40cf51350855a761d2e70bf5af5b9b5de7
  flutter_fgbg: 31c0d1140a131daea2d342121808f6aa0dcd879d
  hightouch_events: 0f6bb554a5912cb13ad93b70c6525bfcbab0c2fa
  hightouch_events_plugin_idfa: 237d799aceedfc8bd91f9054fd75516cf07e072f
  path_provider_foundation: 2b6b4c569c0fb62ec74538f866245ac84301af46
  shared_preferences_foundation: fcdcbc04712aee1108ac7fda236f363274528f78

PODFILE CHECKSUM: 819463e6a0290f5a72f145ba7cde16e8b6ef0796

COCOAPODS: 1.15.2
